
Microsoft Visual Studio Solution File, Format Version 12.00
# Visual Studio Version 17
VisualStudioVersion = 17.5.33516.290
MinimumVisualStudioVersion = 10.0.40219.1
Project("{FAE04EC0-301F-11D3-BF4B-00C04F79EFBC}") = "GenerateFactorial", "GenerateFactorial.csproj", "{8BFC1FC5-F0F7-4BC7-B9DE-384975769B48}"
EndProject
Global
	GlobalSection(SolutionConfigurationPlatforms) = preSolution
		Debug|Any CPU = Debug|Any CPU
		Release|Any CPU = Release|Any CPU
	EndGlobalSection
	GlobalSection(ProjectConfigurationPlatforms) = postSolution
		{8BFC1FC5-F0F7-4BC7-B9DE-384975769B48}.Debug|Any CPU.ActiveCfg = Debug|Any CPU
		{8BFC1FC5-F0F7-4BC7-B9DE-384975769B48}.Debug|Any CPU.Build.0 = Debug|Any CPU
		{8BFC1FC5-F0F7-4BC7-B9DE-384975769B48}.Release|Any CPU.ActiveCfg = Release|Any CPU
		{8BFC1FC5-F0F7-4BC7-B9DE-384975769B48}.Release|Any CPU.Build.0 = Release|Any CPU
	EndGlobalSection
	GlobalSection(SolutionProperties) = preSolution
		HideSolutionNode = FALSE
	EndGlobalSection
	GlobalSection(ExtensibilityGlobals) = postSolution
		SolutionGuid = {160E7F0E-9F62-4BE1-BCCC-522E4811F809}
	EndGlobalSection
EndGlobal
